
Microsoft Visual Studio Solution File, Format Version 12.00
# Visual Studio Version 16
VisualStudioVersion = 16.0.30114.105
MinimumVisualStudioVersion = 10.0.40219.1
Project("{9A19103F-16F7-4668-BE54-9A1E7A4F7556}") = "Luckyu.Web", "Luckyu.Web\Luckyu.Web.csproj", "{E7185EB1-12A8-416C-A00F-735724E43AA4}"
EndProject
Project("{9A19103F-16F7-4668-BE54-9A1E7A4F7556}") = "Luckyu.Cache", "Luckyu.Cache\Luckyu.Cache.csproj", "{FAE462C8-3E11-46D9-851A-69DB08572853}"
EndProject
Project("{9A19103F-16F7-4668-BE54-9A1E7A4F7556}") = "Luckyu.Log", "Luckyu.Log\Luckyu.Log.csproj", "{13FCC5A8-D8A9-4872-A5A3-7594387836DB}"
EndProject
Project("{9A19103F-16F7-4668-BE54-9A1E7A4F7556}") = "Luckyu.Utility", "Luckyu.Utility\Luckyu.Utility.csproj", "{B3F43CC0-4FB0-4D0C-BD74-A2C2344A0E84}"
EndProject
Project("{2150E333-8FDC-42A3-9474-1A3956D46DE8}") = "1-Utility", "1-Utility", "{1F611CF2-B8C8-4BBA-BD61-1741235A2ACE}"
EndProject
Project("{2150E333-8FDC-42A3-9474-1A3956D46DE8}") = "9-Test", "9-Test", "{46C7CB8F-A9D0-494E-ABEF-B925B7F3F677}"
EndProject
Project("{9A19103F-16F7-4668-BE54-9A1E7A4F7556}") = "Luckyu.WinformTest", "Luckyu.WinformTest\Luckyu.WinformTest.csproj", "{D516F15F-36ED-4AA4-8B03-A1ED1257DF60}"
EndProject
Project("{9A19103F-16F7-4668-BE54-9A1E7A4F7556}") = "Luckyu.ConsoleTest", "Luckyu.ConsoleTest\Luckyu.ConsoleTest.csproj", "{903CBDE8-34A7-4A88-98F6-AA7E95CF9E46}"
EndProject
Project("{2150E333-8FDC-42A3-9474-1A3956D46DE8}") = "2-Application", "2-Application", "{983ABE64-83D6-42C4-880C-52357C830AB0}"
EndProject
Project("{2150E333-8FDC-42A3-9474-1A3956D46DE8}") = "3-Module", "3-Module", "{4940743B-2847-4A3B-BDA7-9C5059F1948D}"
EndProject
Project("{2150E333-8FDC-42A3-9474-1A3956D46DE8}") = "0-无依赖", "0-无依赖", "{B633D62D-A209-477A-ABDD-58A85DD9C351}"
EndProject
Project("{2150E333-8FDC-42A3-9474-1A3956D46DE8}") = "1-依赖", "1-依赖", "{DF1D8888-915B-44B2-9C98-4E78DB69B3DA}"
EndProject
Project("{9A19103F-16F7-4668-BE54-9A1E7A4F7556}") = "Luckyu.Utility.Refy", "Luckyu.Utility.Refy\Luckyu.Utility.Refy.csproj", "{AFE808F4-F26A-4FF9-A55F-9B12E0E84CAB}"
EndProject
Project("{9A19103F-16F7-4668-BE54-9A1E7A4F7556}") = "Luckyu.App.Organization", "Luckyu.App.Organization\Luckyu.App.Organization.csproj", "{4668E1E3-29B0-4932-909A-2ECF9D86CFBB}"
EndProject
Project("{9A19103F-16F7-4668-BE54-9A1E7A4F7556}") = "Luckyu.DataAccess", "Luckyu.DataAccess\Luckyu.DataAccess.csproj", "{97E156AB-382A-437D-8A44-6290AF964869}"
EndProject
Project("{9A19103F-16F7-4668-BE54-9A1E7A4F7556}") = "Luckyu.App.System", "Luckyu.App.System\Luckyu.App.System.csproj", "{2178B97E-CB00-4BAF-BA8A-89F753B81B11}"
EndProject
Project("{9A19103F-16F7-4668-BE54-9A1E7A4F7556}") = "Luckyu.Module.OrganizationModule", "Luckyu.Module.OrganizationModule\Luckyu.Module.OrganizationModule.csproj", "{B9A487CF-673E-4365-9ED8-19F3FB44DA7B}"
EndProject
Project("{9A19103F-16F7-4668-BE54-9A1E7A4F7556}") = "Luckyu.Module.SystemModule", "Luckyu.Module.SystemModule\Luckyu.Module.SystemModule.csproj", "{1DBCAC84-E0BD-42B0-B7FC-BF40B523206E}"
EndProject
Project("{9A19103F-16F7-4668-BE54-9A1E7A4F7556}") = "Luckyu.App.Workflow", "Luckyu.App.Workflow\Luckyu.App.Workflow.csproj", "{1CA847A2-7902-41E5-B2BE-E1339A641BF5}"
EndProject
Project("{9A19103F-16F7-4668-BE54-9A1E7A4F7556}") = "Luckyu.Module.WorkflowModule", "Luckyu.Module.WorkflowModule\Luckyu.Module.WorkflowModule.csproj", "{757EAD80-519C-44D7-B3B4-9093EC4E381A}"
EndProject
Project("{9A19103F-16F7-4668-BE54-9A1E7A4F7556}") = "Luckyu.App.OA", "Luckyu.App.OA\Luckyu.App.OA.csproj", "{9A060F79-FB2E-41A7-8927-82DA301DDC59}"
EndProject
Project("{9A19103F-16F7-4668-BE54-9A1E7A4F7556}") = "Luckyu.Module.OAModule", "Luckyu.Module.OAModule\Luckyu.Module.OAModule.csproj", "{2E81E618-0FB5-4F40-882B-AC9A4EF9DB5F}"
EndProject
Project("{9A19103F-16F7-4668-BE54-9A1E7A4F7556}") = "Luckyu.WebTest", "Luckyu.WebTest\Luckyu.WebTest.csproj", "{DE2EA697-9520-4152-8DB5-B6CE70F24C2D}"
EndProject
Project("{FAE04EC0-301F-11D3-BF4B-00C04F79EFBC}") = "Luckyu.App.Business", "Luckyu.App.Business\Luckyu.App.Business.csproj", "{3BB7B2DD-ED85-4D1E-AFBA-F83CE1335154}"
EndProject
Project("{FAE04EC0-301F-11D3-BF4B-00C04F79EFBC}") = "Luckyu.Module.BusinessModule", "Luckyu.Module.BusinessModule\Luckyu.Module.BusinessModule.csproj", "{E98FBE38-21AC-402F-B46D-B047DF021E98}"
EndProject
Global
	GlobalSection(SolutionConfigurationPlatforms) = preSolution
		Debug|Any CPU = Debug|Any CPU
		Release|Any CPU = Release|Any CPU
	EndGlobalSection
	GlobalSection(ProjectConfigurationPlatforms) = postSolution
		{E7185EB1-12A8-416C-A00F-735724E43AA4}.Debug|Any CPU.ActiveCfg = Debug|Any CPU
		{E7185EB1-12A8-416C-A00F-735724E43AA4}.Debug|Any CPU.Build.0 = Debug|Any CPU
		{E7185EB1-12A8-416C-A00F-735724E43AA4}.Release|Any CPU.ActiveCfg = Release|Any CPU
		{E7185EB1-12A8-416C-A00F-735724E43AA4}.Release|Any CPU.Build.0 = Release|Any CPU
		{FAE462C8-3E11-46D9-851A-69DB08572853}.Debug|Any CPU.ActiveCfg = Debug|Any CPU
		{FAE462C8-3E11-46D9-851A-69DB08572853}.Debug|Any CPU.Build.0 = Debug|Any CPU
		{FAE462C8-3E11-46D9-851A-69DB08572853}.Release|Any CPU.ActiveCfg = Release|Any CPU
		{FAE462C8-3E11-46D9-851A-69DB08572853}.Release|Any CPU.Build.0 = Release|Any CPU
		{13FCC5A8-D8A9-4872-A5A3-7594387836DB}.Debug|Any CPU.ActiveCfg = Debug|Any CPU
		{13FCC5A8-D8A9-4872-A5A3-7594387836DB}.Debug|Any CPU.Build.0 = Debug|Any CPU
		{13FCC5A8-D8A9-4872-A5A3-7594387836DB}.Release|Any CPU.ActiveCfg = Release|Any CPU
		{13FCC5A8-D8A9-4872-A5A3-7594387836DB}.Release|Any CPU.Build.0 = Release|Any CPU
		{B3F43CC0-4FB0-4D0C-BD74-A2C2344A0E84}.Debug|Any CPU.ActiveCfg = Debug|Any CPU
		{B3F43CC0-4FB0-4D0C-BD74-A2C2344A0E84}.Debug|Any CPU.Build.0 = Debug|Any CPU
		{B3F43CC0-4FB0-4D0C-BD74-A2C2344A0E84}.Release|Any CPU.ActiveCfg = Release|Any CPU
		{B3F43CC0-4FB0-4D0C-BD74-A2C2344A0E84}.Release|Any CPU.Build.0 = Release|Any CPU
		{D516F15F-36ED-4AA4-8B03-A1ED1257DF60}.Debug|Any CPU.ActiveCfg = Debug|Any CPU
		{D516F15F-36ED-4AA4-8B03-A1ED1257DF60}.Debug|Any CPU.Build.0 = Debug|Any CPU
		{D516F15F-36ED-4AA4-8B03-A1ED1257DF60}.Release|Any CPU.ActiveCfg = Release|Any CPU
		{D516F15F-36ED-4AA4-8B03-A1ED1257DF60}.Release|Any CPU.Build.0 = Release|Any CPU
		{903CBDE8-34A7-4A88-98F6-AA7E95CF9E46}.Debug|Any CPU.ActiveCfg = Debug|Any CPU
		{903CBDE8-34A7-4A88-98F6-AA7E95CF9E46}.Debug|Any CPU.Build.0 = Debug|Any CPU
		{903CBDE8-34A7-4A88-98F6-AA7E95CF9E46}.Release|Any CPU.ActiveCfg = Release|Any CPU
		{903CBDE8-34A7-4A88-98F6-AA7E95CF9E46}.Release|Any CPU.Build.0 = Release|Any CPU
		{AFE808F4-F26A-4FF9-A55F-9B12E0E84CAB}.Debug|Any CPU.ActiveCfg = Debug|Any CPU
		{AFE808F4-F26A-4FF9-A55F-9B12E0E84CAB}.Debug|Any CPU.Build.0 = Debug|Any CPU
		{AFE808F4-F26A-4FF9-A55F-9B12E0E84CAB}.Release|Any CPU.ActiveCfg = Release|Any CPU
		{AFE808F4-F26A-4FF9-A55F-9B12E0E84CAB}.Release|Any CPU.Build.0 = Release|Any CPU
		{4668E1E3-29B0-4932-909A-2ECF9D86CFBB}.Debug|Any CPU.ActiveCfg = Debug|Any CPU
		{4668E1E3-29B0-4932-909A-2ECF9D86CFBB}.Debug|Any CPU.Build.0 = Debug|Any CPU
		{4668E1E3-29B0-4932-909A-2ECF9D86CFBB}.Release|Any CPU.ActiveCfg = Release|Any CPU
		{4668E1E3-29B0-4932-909A-2ECF9D86CFBB}.Release|Any CPU.Build.0 = Release|Any CPU
		{97E156AB-382A-437D-8A44-6290AF964869}.Debug|Any CPU.ActiveCfg = Debug|Any CPU
		{97E156AB-382A-437D-8A44-6290AF964869}.Debug|Any CPU.Build.0 = Debug|Any CPU
		{97E156AB-382A-437D-8A44-6290AF964869}.Release|Any CPU.ActiveCfg = Release|Any CPU
		{97E156AB-382A-437D-8A44-6290AF964869}.Release|Any CPU.Build.0 = Release|Any CPU
		{2178B97E-CB00-4BAF-BA8A-89F753B81B11}.Debug|Any CPU.ActiveCfg = Debug|Any CPU
		{2178B97E-CB00-4BAF-BA8A-89F753B81B11}.Debug|Any CPU.Build.0 = Debug|Any CPU
		{2178B97E-CB00-4BAF-BA8A-89F753B81B11}.Release|Any CPU.ActiveCfg = Release|Any CPU
		{2178B97E-CB00-4BAF-BA8A-89F753B81B11}.Release|Any CPU.Build.0 = Release|Any CPU
		{B9A487CF-673E-4365-9ED8-19F3FB44DA7B}.Debug|Any CPU.ActiveCfg = Debug|Any CPU
		{B9A487CF-673E-4365-9ED8-19F3FB44DA7B}.Debug|Any CPU.Build.0 = Debug|Any CPU
		{B9A487CF-673E-4365-9ED8-19F3FB44DA7B}.Release|Any CPU.ActiveCfg = Release|Any CPU
		{B9A487CF-673E-4365-9ED8-19F3FB44DA7B}.Release|Any CPU.Build.0 = Release|Any CPU
		{1DBCAC84-E0BD-42B0-B7FC-BF40B523206E}.Debug|Any CPU.ActiveCfg = Debug|Any CPU
		{1DBCAC84-E0BD-42B0-B7FC-BF40B523206E}.Debug|Any CPU.Build.0 = Debug|Any CPU
		{1DBCAC84-E0BD-42B0-B7FC-BF40B523206E}.Release|Any CPU.ActiveCfg = Release|Any CPU
		{1DBCAC84-E0BD-42B0-B7FC-BF40B523206E}.Release|Any CPU.Build.0 = Release|Any CPU
		{1CA847A2-7902-41E5-B2BE-E1339A641BF5}.Debug|Any CPU.ActiveCfg = Debug|Any CPU
		{1CA847A2-7902-41E5-B2BE-E1339A641BF5}.Debug|Any CPU.Build.0 = Debug|Any CPU
		{1CA847A2-7902-41E5-B2BE-E1339A641BF5}.Release|Any CPU.ActiveCfg = Release|Any CPU
		{1CA847A2-7902-41E5-B2BE-E1339A641BF5}.Release|Any CPU.Build.0 = Release|Any CPU
		{757EAD80-519C-44D7-B3B4-9093EC4E381A}.Debug|Any CPU.ActiveCfg = Debug|Any CPU
		{757EAD80-519C-44D7-B3B4-9093EC4E381A}.Debug|Any CPU.Build.0 = Debug|Any CPU
		{757EAD80-519C-44D7-B3B4-9093EC4E381A}.Release|Any CPU.ActiveCfg = Release|Any CPU
		{757EAD80-519C-44D7-B3B4-9093EC4E381A}.Release|Any CPU.Build.0 = Release|Any CPU
		{9A060F79-FB2E-41A7-8927-82DA301DDC59}.Debug|Any CPU.ActiveCfg = Debug|Any CPU
		{9A060F79-FB2E-41A7-8927-82DA301DDC59}.Debug|Any CPU.Build.0 = Debug|Any CPU
		{9A060F79-FB2E-41A7-8927-82DA301DDC59}.Release|Any CPU.ActiveCfg = Release|Any CPU
		{9A060F79-FB2E-41A7-8927-82DA301DDC59}.Release|Any CPU.Build.0 = Release|Any CPU
		{2E81E618-0FB5-4F40-882B-AC9A4EF9DB5F}.Debug|Any CPU.ActiveCfg = Debug|Any CPU
		{2E81E618-0FB5-4F40-882B-AC9A4EF9DB5F}.Debug|Any CPU.Build.0 = Debug|Any CPU
		{2E81E618-0FB5-4F40-882B-AC9A4EF9DB5F}.Release|Any CPU.ActiveCfg = Release|Any CPU
		{2E81E618-0FB5-4F40-882B-AC9A4EF9DB5F}.Release|Any CPU.Build.0 = Release|Any CPU
		{DE2EA697-9520-4152-8DB5-B6CE70F24C2D}.Debug|Any CPU.ActiveCfg = Debug|Any CPU
		{DE2EA697-9520-4152-8DB5-B6CE70F24C2D}.Debug|Any CPU.Build.0 = Debug|Any CPU
		{DE2EA697-9520-4152-8DB5-B6CE70F24C2D}.Release|Any CPU.ActiveCfg = Release|Any CPU
		{DE2EA697-9520-4152-8DB5-B6CE70F24C2D}.Release|Any CPU.Build.0 = Release|Any CPU
		{3BB7B2DD-ED85-4D1E-AFBA-F83CE1335154}.Debug|Any CPU.ActiveCfg = Debug|Any CPU
		{3BB7B2DD-ED85-4D1E-AFBA-F83CE1335154}.Debug|Any CPU.Build.0 = Debug|Any CPU
		{3BB7B2DD-ED85-4D1E-AFBA-F83CE1335154}.Release|Any CPU.ActiveCfg = Release|Any CPU
		{3BB7B2DD-ED85-4D1E-AFBA-F83CE1335154}.Release|Any CPU.Build.0 = Release|Any CPU
		{E98FBE38-21AC-402F-B46D-B047DF021E98}.Debug|Any CPU.ActiveCfg = Debug|Any CPU
		{E98FBE38-21AC-402F-B46D-B047DF021E98}.Debug|Any CPU.Build.0 = Debug|Any CPU
		{E98FBE38-21AC-402F-B46D-B047DF021E98}.Release|Any CPU.ActiveCfg = Release|Any CPU
		{E98FBE38-21AC-402F-B46D-B047DF021E98}.Release|Any CPU.Build.0 = Release|Any CPU
	EndGlobalSection
	GlobalSection(SolutionProperties) = preSolution
		HideSolutionNode = FALSE
	EndGlobalSection
	GlobalSection(NestedProjects) = preSolution
		{FAE462C8-3E11-46D9-851A-69DB08572853} = {DF1D8888-915B-44B2-9C98-4E78DB69B3DA}
		{13FCC5A8-D8A9-4872-A5A3-7594387836DB} = {B633D62D-A209-477A-ABDD-58A85DD9C351}
		{B3F43CC0-4FB0-4D0C-BD74-A2C2344A0E84} = {B633D62D-A209-477A-ABDD-58A85DD9C351}
		{D516F15F-36ED-4AA4-8B03-A1ED1257DF60} = {46C7CB8F-A9D0-494E-ABEF-B925B7F3F677}
		{903CBDE8-34A7-4A88-98F6-AA7E95CF9E46} = {46C7CB8F-A9D0-494E-ABEF-B925B7F3F677}
		{B633D62D-A209-477A-ABDD-58A85DD9C351} = {1F611CF2-B8C8-4BBA-BD61-1741235A2ACE}
		{DF1D8888-915B-44B2-9C98-4E78DB69B3DA} = {1F611CF2-B8C8-4BBA-BD61-1741235A2ACE}
		{AFE808F4-F26A-4FF9-A55F-9B12E0E84CAB} = {DF1D8888-915B-44B2-9C98-4E78DB69B3DA}
		{4668E1E3-29B0-4932-909A-2ECF9D86CFBB} = {983ABE64-83D6-42C4-880C-52357C830AB0}
		{97E156AB-382A-437D-8A44-6290AF964869} = {DF1D8888-915B-44B2-9C98-4E78DB69B3DA}
		{2178B97E-CB00-4BAF-BA8A-89F753B81B11} = {983ABE64-83D6-42C4-880C-52357C830AB0}
		{B9A487CF-673E-4365-9ED8-19F3FB44DA7B} = {4940743B-2847-4A3B-BDA7-9C5059F1948D}
		{1DBCAC84-E0BD-42B0-B7FC-BF40B523206E} = {4940743B-2847-4A3B-BDA7-9C5059F1948D}
		{1CA847A2-7902-41E5-B2BE-E1339A641BF5} = {983ABE64-83D6-42C4-880C-52357C830AB0}
		{757EAD80-519C-44D7-B3B4-9093EC4E381A} = {4940743B-2847-4A3B-BDA7-9C5059F1948D}
		{9A060F79-FB2E-41A7-8927-82DA301DDC59} = {983ABE64-83D6-42C4-880C-52357C830AB0}
		{2E81E618-0FB5-4F40-882B-AC9A4EF9DB5F} = {4940743B-2847-4A3B-BDA7-9C5059F1948D}
		{DE2EA697-9520-4152-8DB5-B6CE70F24C2D} = {46C7CB8F-A9D0-494E-ABEF-B925B7F3F677}
		{3BB7B2DD-ED85-4D1E-AFBA-F83CE1335154} = {983ABE64-83D6-42C4-880C-52357C830AB0}
		{E98FBE38-21AC-402F-B46D-B047DF021E98} = {4940743B-2847-4A3B-BDA7-9C5059F1948D}
	EndGlobalSection
	GlobalSection(ExtensibilityGlobals) = postSolution
		SolutionGuid = {BA4DD9BE-768E-4B5E-8E72-3F57886ED2ED}
	EndGlobalSection
EndGlobal
